
Microsoft Visual Studio Solution File, Format Version 12.00
# Visual Studio Version 17
VisualStudioVersion = 17.11.35312.102
MinimumVisualStudioVersion = 10.0.40219.1
Project("{2150E333-8FDC-42A3-9474-1A3956D46DE8}") = "Task0", "Task0", "{5BBC7398-2F07-42F2-B6F5-C84167D5FD28}"
EndProject
Project("{9A19103F-16F7-4668-BE54-9A1E7A4F7556}") = "Tyuiu.KonevaDD.Sprint1.Task0.V25", "Tyuiu.KonevaDD.Sprint1.Task0.V25\Tyuiu.KonevaDD.Sprint1.Task0.V25.csproj", "{CF8CB86A-EBEC-44E6-8F76-E20C258F2725}"
EndProject
Project("{9A19103F-16F7-4668-BE54-9A1E7A4F7556}") = "Tyuiu.KonevaDD.Sprint1.Task0.V25.Lib", "Tyuiu.KonevaDD.Sprint1.Task0.V25.Lib\Tyuiu.KonevaDD.Sprint1.Task0.V25.Lib.csproj", "{34142AD5-09D0-4A49-BD2D-5CBE854B5BC3}"
EndProject
Project("{9A19103F-16F7-4668-BE54-9A1E7A4F7556}") = "Tyuiu.KonevaDD.Sprint1.Task0.V25.Test", "Tyuiu.KonevaDD.Sprint1.Task0.V25.Test\Tyuiu.KonevaDD.Sprint1.Task0.V25.Test.csproj", "{1995CE09-BF02-4234-AB1C-8E2EEDA66FE5}"
EndProject
Project("{2150E333-8FDC-42A3-9474-1A3956D46DE8}") = "Task1", "Task1", "{EB8D4A44-92E6-45C9-9371-613AA050529C}"
EndProject
Project("{9A19103F-16F7-4668-BE54-9A1E7A4F7556}") = "Tyuiu.KonevaDD.Sprint1.Task1.V1", "Tyuiu.KonevaDD.Sprint1.Task1.V1\Tyuiu.KonevaDD.Sprint1.Task1.V1.csproj", "{5299AEEF-ABF1-4D9A-9F4F-61755E11FFC5}"
EndProject
Project("{9A19103F-16F7-4668-BE54-9A1E7A4F7556}") = "Tyuiu.KonevaDD.Sprint1.Task1.V1.Lib", "Tyuiu.KonevaDD.Sprint1.Task1.V1.Lib\Tyuiu.KonevaDD.Sprint1.Task1.V1.Lib.csproj", "{D39A962B-F027-45BC-B65A-DBDC8E062B5B}"
EndProject
Project("{9A19103F-16F7-4668-BE54-9A1E7A4F7556}") = "Tyuiu.KonevaDD.Sprint1.Task1.V1.Test", "Tyuiu.KonevaDD.Sprint1.Task1.V1.Test\Tyuiu.KonevaDD.Sprint1.Task1.V1.Test.csproj", "{2CBC7373-EADB-4E17-965F-7835F080168F}"
EndProject
Project("{2150E333-8FDC-42A3-9474-1A3956D46DE8}") = "Task2", "Task2", "{7F41D1A8-746B-4079-9512-259D105B07B4}"
EndProject
Project("{9A19103F-16F7-4668-BE54-9A1E7A4F7556}") = "Tyuiu.KonevaDD.Sprint1.Task2.V12", "Tyuiu.KonevaDD.Sprint1.Task2.V12\Tyuiu.KonevaDD.Sprint1.Task2.V12.csproj", "{21184D42-75D9-4B4F-9069-3BE451B6CED3}"
EndProject
Project("{9A19103F-16F7-4668-BE54-9A1E7A4F7556}") = "Tyuiu.KonevaDD.Sprint1.Task2.V12.Lib", "Tyuiu.KonevaDD.Sprint1.Task2.V12.Lib\Tyuiu.KonevaDD.Sprint1.Task2.V12.Lib.csproj", "{B92230E5-22AE-4E60-A35A-F0B064A201CC}"
EndProject
Project("{9A19103F-16F7-4668-BE54-9A1E7A4F7556}") = "Tyuiu.KonevaDD.Sprint1.Task2.V12.Test", "Tyuiu.KonevaDD.Sprint1.Task2.V12.Test\Tyuiu.KonevaDD.Sprint1.Task2.V12.Test.csproj", "{7EEE7849-593E-4B66-8CA2-FCDE3EC86078}"
EndProject
Project("{2150E333-8FDC-42A3-9474-1A3956D46DE8}") = "Task3", "Task3", "{4D96948C-7257-4502-B351-79EFD39F6E66}"
EndProject
Project("{9A19103F-16F7-4668-BE54-9A1E7A4F7556}") = "Tyuiu.KonevaDD.Sprint1.Task3.V17", "Tyuiu.KonevaDD.Sprint1.Task3.V17\Tyuiu.KonevaDD.Sprint1.Task3.V17.csproj", "{26864402-4D55-4680-AE4C-F3E3F3E84484}"
EndProject
Project("{9A19103F-16F7-4668-BE54-9A1E7A4F7556}") = "Tyuiu.KonevaDD.Sprint1.Task3.V17.Lib", "Tyuiu.KonevaDD.Sprint1.Task3.V17.Lib\Tyuiu.KonevaDD.Sprint1.Task3.V17.Lib.csproj", "{71C3510C-144F-4134-B3C1-24269062D93E}"
EndProject
Project("{9A19103F-16F7-4668-BE54-9A1E7A4F7556}") = "Tyuiu.KonevaDD.Sprint1.Task3.V17.Test", "Tyuiu.KonevaDD.Sprint1.Task3.V17.Test\Tyuiu.KonevaDD.Sprint1.Task3.V17.Test.csproj", "{450129A1-3086-4259-A3C1-93723AB2BA1B}"
EndProject
Project("{2150E333-8FDC-42A3-9474-1A3956D46DE8}") = "Task4", "Task4", "{E07757B6-1922-43E2-AE54-1DC23EE4E144}"
EndProject
Project("{9A19103F-16F7-4668-BE54-9A1E7A4F7556}") = "Tyuiu.KonevaDD.Sprint1.Task4.V23", "Tyuiu.KonevaDD.Sprint1.Task4.V23\Tyuiu.KonevaDD.Sprint1.Task4.V23.csproj", "{C06D5137-E538-4B93-8B7A-604685E37B30}"
EndProject
Project("{9A19103F-16F7-4668-BE54-9A1E7A4F7556}") = "Tyuiu.KonevaDD.Sprint1.Task4.V23.Lib", "Tyuiu.KonevaDD.Sprint1.Task4.V23.Lib\Tyuiu.KonevaDD.Sprint1.Task4.V23.Lib.csproj", "{FC898111-6CD6-43DD-832E-08E5E354BE3B}"
EndProject
Project("{9A19103F-16F7-4668-BE54-9A1E7A4F7556}") = "Tyuiu.KonevaDD.Sprint1.Task4.V23.Test", "Tyuiu.KonevaDD.Sprint1.Task4.V23.Test\Tyuiu.KonevaDD.Sprint1.Task4.V23.Test.csproj", "{F93ACFB8-EB40-4DAF-A008-835E12728709}"
EndProject
Project("{2150E333-8FDC-42A3-9474-1A3956D46DE8}") = "Task5", "Task5", "{1BE10C95-704D-47F9-9E09-2196D117D531}"
EndProject
Project("{9A19103F-16F7-4668-BE54-9A1E7A4F7556}") = "Tyuiu.KonevaDD.Sprint1.Task5.V7", "Tyuiu.KonevaDD.Sprint1.Task5.V7\Tyuiu.KonevaDD.Sprint1.Task5.V7.csproj", "{A1C2D1B0-E407-47AE-AAE9-6B01D0DB6EAE}"
EndProject
Project("{9A19103F-16F7-4668-BE54-9A1E7A4F7556}") = "Tyuiu.KonevaDD.Sprint1.Task5.V7.Lib", "Tyuiu.KonevaDD.Sprint1.Task5.V7.Lib\Tyuiu.KonevaDD.Sprint1.Task5.V7.Lib.csproj", "{332910CD-7A9F-4F3D-ABF6-A355EAC2D4C9}"
EndProject
Project("{9A19103F-16F7-4668-BE54-9A1E7A4F7556}") = "Tyuiu.KonevaDD.Sprint1.Task5.V7.Test", "Tyuiu.KonevaDD.Sprint1.Task5.V7.Test\Tyuiu.KonevaDD.Sprint1.Task5.V7.Test.csproj", "{E31B5FF7-950A-4D4D-A682-7BBDDA0868B4}"
EndProject
Project("{2150E333-8FDC-42A3-9474-1A3956D46DE8}") = "Task6", "Task6", "{50C18D5F-E977-4318-961F-A3358F0A256A}"
EndProject
Project("{9A19103F-16F7-4668-BE54-9A1E7A4F7556}") = "Tyuiu.KonevaDD.Sprint1.Task6.V15", "Tyuiu.KonevaDD.Sprint1.Task6.V15\Tyuiu.KonevaDD.Sprint1.Task6.V15.csproj", "{3D2C07C0-29F1-4011-913F-FCF780CBB4F9}"
EndProject
Project("{9A19103F-16F7-4668-BE54-9A1E7A4F7556}") = "Tyuiu.KonevaDD.Sprint1.Task6.V15.Lib", "Tyuiu.KonevaDD.Sprint1.Task6.V15.Lib\Tyuiu.KonevaDD.Sprint1.Task6.V15.Lib.csproj", "{4E719E9C-2259-43C0-B4D9-A23A84D0B65D}"
EndProject
Project("{9A19103F-16F7-4668-BE54-9A1E7A4F7556}") = "Tyuiu.KonevaDD.Sprint1.Task6.V15.Test", "Tyuiu.KonevaDD.Sprint1.Task6.V15.Test\Tyuiu.KonevaDD.Sprint1.Task6.V15.Test.csproj", "{53D2F8DA-1FC6-456B-B1F4-6D72805B9419}"
EndProject
Project("{2150E333-8FDC-42A3-9474-1A3956D46DE8}") = "Task7", "Task7", "{79ABD461-E19E-4F40-BE99-8FC686F365CB}"
EndProject
Project("{FAE04EC0-301F-11D3-BF4B-00C04F79EFBC}") = "Tyuiu.KonevaDD.Sprint1.Task7.V5", "Tyuiu.KonevaDD.Sprint1.Task7.V5\Tyuiu.KonevaDD.Sprint1.Task7.V5.csproj", "{DF2977D3-BD19-4C63-A547-E496D3058F6B}"
EndProject
Project("{FAE04EC0-301F-11D3-BF4B-00C04F79EFBC}") = "Tyuiu.KonevaDD.Sprint1.Task7.V5.Lib", "Tyuiu.KonevaDD.Sprint1.Task7.V5.Lib\Tyuiu.KonevaDD.Sprint1.Task7.V5.Lib.csproj", "{8B501E72-476C-4A92-94F6-D6B1CADBDF54}"
EndProject
Project("{FAE04EC0-301F-11D3-BF4B-00C04F79EFBC}") = "Tyuiu.KonevaDD.Sprint1.Task7.V5.Test", "Tyuiu.KonevaDD.Sprint1.Task7.V5.Test\Tyuiu.KonevaDD.Sprint1.Task7.V5.Test.csproj", "{ADFACE2F-E308-4AA8-B2EC-092ED352784C}"
EndProject
Global
	GlobalSection(SolutionConfigurationPlatforms) = preSolution
		Debug|Any CPU = Debug|Any CPU
		Release|Any CPU = Release|Any CPU
	EndGlobalSection
	GlobalSection(ProjectConfigurationPlatforms) = postSolution
		{CF8CB86A-EBEC-44E6-8F76-E20C258F2725}.Debug|Any CPU.ActiveCfg = Debug|Any CPU
		{CF8CB86A-EBEC-44E6-8F76-E20C258F2725}.Debug|Any CPU.Build.0 = Debug|Any CPU
		{CF8CB86A-EBEC-44E6-8F76-E20C258F2725}.Release|Any CPU.ActiveCfg = Release|Any CPU
		{CF8CB86A-EBEC-44E6-8F76-E20C258F2725}.Release|Any CPU.Build.0 = Release|Any CPU
		{34142AD5-09D0-4A49-BD2D-5CBE854B5BC3}.Debug|Any CPU.ActiveCfg = Debug|Any CPU
		{34142AD5-09D0-4A49-BD2D-5CBE854B5BC3}.Debug|Any CPU.Build.0 = Debug|Any CPU
		{34142AD5-09D0-4A49-BD2D-5CBE854B5BC3}.Release|Any CPU.ActiveCfg = Release|Any CPU
		{34142AD5-09D0-4A49-BD2D-5CBE854B5BC3}.Release|Any CPU.Build.0 = Release|Any CPU
		{1995CE09-BF02-4234-AB1C-8E2EEDA66FE5}.Debug|Any CPU.ActiveCfg = Debug|Any CPU
		{1995CE09-BF02-4234-AB1C-8E2EEDA66FE5}.Debug|Any CPU.Build.0 = Debug|Any CPU
		{1995CE09-BF02-4234-AB1C-8E2EEDA66FE5}.Release|Any CPU.ActiveCfg = Release|Any CPU
		{1995CE09-BF02-4234-AB1C-8E2EEDA66FE5}.Release|Any CPU.Build.0 = Release|Any CPU
		{5299AEEF-ABF1-4D9A-9F4F-61755E11FFC5}.Debug|Any CPU.ActiveCfg = Debug|Any CPU
		{5299AEEF-ABF1-4D9A-9F4F-61755E11FFC5}.Debug|Any CPU.Build.0 = Debug|Any CPU
		{5299AEEF-ABF1-4D9A-9F4F-61755E11FFC5}.Release|Any CPU.ActiveCfg = Release|Any CPU
		{5299AEEF-ABF1-4D9A-9F4F-61755E11FFC5}.Release|Any CPU.Build.0 = Release|Any CPU
		{D39A962B-F027-45BC-B65A-DBDC8E062B5B}.Debug|Any CPU.ActiveCfg = Debug|Any CPU
		{D39A962B-F027-45BC-B65A-DBDC8E062B5B}.Debug|Any CPU.Build.0 = Debug|Any CPU
		{D39A962B-F027-45BC-B65A-DBDC8E062B5B}.Release|Any CPU.ActiveCfg = Release|Any CPU
		{D39A962B-F027-45BC-B65A-DBDC8E062B5B}.Release|Any CPU.Build.0 = Release|Any CPU
		{2CBC7373-EADB-4E17-965F-7835F080168F}.Debug|Any CPU.ActiveCfg = Debug|Any CPU
		{2CBC7373-EADB-4E17-965F-7835F080168F}.Debug|Any CPU.Build.0 = Debug|Any CPU
		{2CBC7373-EADB-4E17-965F-7835F080168F}.Release|Any CPU.ActiveCfg = Release|Any CPU
		{2CBC7373-EADB-4E17-965F-7835F080168F}.Release|Any CPU.Build.0 = Release|Any CPU
		{21184D42-75D9-4B4F-9069-3BE451B6CED3}.Debug|Any CPU.ActiveCfg = Debug|Any CPU
		{21184D42-75D9-4B4F-9069-3BE451B6CED3}.Debug|Any CPU.Build.0 = Debug|Any CPU
		{21184D42-75D9-4B4F-9069-3BE451B6CED3}.Release|Any CPU.ActiveCfg = Release|Any CPU
		{21184D42-75D9-4B4F-9069-3BE451B6CED3}.Release|Any CPU.Build.0 = Release|Any CPU
		{B92230E5-22AE-4E60-A35A-F0B064A201CC}.Debug|Any CPU.ActiveCfg = Debug|Any CPU
		{B92230E5-22AE-4E60-A35A-F0B064A201CC}.Debug|Any CPU.Build.0 = Debug|Any CPU
		{B92230E5-22AE-4E60-A35A-F0B064A201CC}.Release|Any CPU.ActiveCfg = Release|Any CPU
		{B92230E5-22AE-4E60-A35A-F0B064A201CC}.Release|Any CPU.Build.0 = Release|Any CPU
		{7EEE7849-593E-4B66-8CA2-FCDE3EC86078}.Debug|Any CPU.ActiveCfg = Debug|Any CPU
		{7EEE7849-593E-4B66-8CA2-FCDE3EC86078}.Debug|Any CPU.Build.0 = Debug|Any CPU
		{7EEE7849-593E-4B66-8CA2-FCDE3EC86078}.Release|Any CPU.ActiveCfg = Release|Any CPU
		{7EEE7849-593E-4B66-8CA2-FCDE3EC86078}.Release|Any CPU.Build.0 = Release|Any CPU
		{26864402-4D55-4680-AE4C-F3E3F3E84484}.Debug|Any CPU.ActiveCfg = Debug|Any CPU
		{26864402-4D55-4680-AE4C-F3E3F3E84484}.Debug|Any CPU.Build.0 = Debug|Any CPU
		{26864402-4D55-4680-AE4C-F3E3F3E84484}.Release|Any CPU.ActiveCfg = Release|Any CPU
		{26864402-4D55-4680-AE4C-F3E3F3E84484}.Release|Any CPU.Build.0 = Release|Any CPU
		{71C3510C-144F-4134-B3C1-24269062D93E}.Debug|Any CPU.ActiveCfg = Debug|Any CPU
		{71C3510C-144F-4134-B3C1-24269062D93E}.Debug|Any CPU.Build.0 = Debug|Any CPU
		{71C3510C-144F-4134-B3C1-24269062D93E}.Release|Any CPU.ActiveCfg = Release|Any CPU
		{71C3510C-144F-4134-B3C1-24269062D93E}.Release|Any CPU.Build.0 = Release|Any CPU
		{450129A1-3086-4259-A3C1-93723AB2BA1B}.Debug|Any CPU.ActiveCfg = Debug|Any CPU
		{450129A1-3086-4259-A3C1-93723AB2BA1B}.Debug|Any CPU.Build.0 = Debug|Any CPU
		{450129A1-3086-4259-A3C1-93723AB2BA1B}.Release|Any CPU.ActiveCfg = Release|Any CPU
		{450129A1-3086-4259-A3C1-93723AB2BA1B}.Release|Any CPU.Build.0 = Release|Any CPU
		{C06D5137-E538-4B93-8B7A-604685E37B30}.Debug|Any CPU.ActiveCfg = Debug|Any CPU
		{C06D5137-E538-4B93-8B7A-604685E37B30}.Debug|Any CPU.Build.0 = Debug|Any CPU
		{C06D5137-E538-4B93-8B7A-604685E37B30}.Release|Any CPU.ActiveCfg = Release|Any CPU
		{C06D5137-E538-4B93-8B7A-604685E37B30}.Release|Any CPU.Build.0 = Release|Any CPU
		{FC898111-6CD6-43DD-832E-08E5E354BE3B}.Debug|Any CPU.ActiveCfg = Debug|Any CPU
		{FC898111-6CD6-43DD-832E-08E5E354BE3B}.Debug|Any CPU.Build.0 = Debug|Any CPU
		{FC898111-6CD6-43DD-832E-08E5E354BE3B}.Release|Any CPU.ActiveCfg = Release|Any CPU
		{FC898111-6CD6-43DD-832E-08E5E354BE3B}.Release|Any CPU.Build.0 = Release|Any CPU
		{F93ACFB8-EB40-4DAF-A008-835E12728709}.Debug|Any CPU.ActiveCfg = Debug|Any CPU
		{F93ACFB8-EB40-4DAF-A008-835E12728709}.Debug|Any CPU.Build.0 = Debug|Any CPU
		{F93ACFB8-EB40-4DAF-A008-835E12728709}.Release|Any CPU.ActiveCfg = Release|Any CPU
		{F93ACFB8-EB40-4DAF-A008-835E12728709}.Release|Any CPU.Build.0 = Release|Any CPU
		{A1C2D1B0-E407-47AE-AAE9-6B01D0DB6EAE}.Debug|Any CPU.ActiveCfg = Debug|Any CPU
		{A1C2D1B0-E407-47AE-AAE9-6B01D0DB6EAE}.Debug|Any CPU.Build.0 = Debug|Any CPU
		{A1C2D1B0-E407-47AE-AAE9-6B01D0DB6EAE}.Release|Any CPU.ActiveCfg = Release|Any CPU
		{A1C2D1B0-E407-47AE-AAE9-6B01D0DB6EAE}.Release|Any CPU.Build.0 = Release|Any CPU
		{332910CD-7A9F-4F3D-ABF6-A355EAC2D4C9}.Debug|Any CPU.ActiveCfg = Debug|Any CPU
		{332910CD-7A9F-4F3D-ABF6-A355EAC2D4C9}.Debug|Any CPU.Build.0 = Debug|Any CPU
		{332910CD-7A9F-4F3D-ABF6-A355EAC2D4C9}.Release|Any CPU.ActiveCfg = Release|Any CPU
		{332910CD-7A9F-4F3D-ABF6-A355EAC2D4C9}.Release|Any CPU.Build.0 = Release|Any CPU
		{E31B5FF7-950A-4D4D-A682-7BBDDA0868B4}.Debug|Any CPU.ActiveCfg = Debug|Any CPU
		{E31B5FF7-950A-4D4D-A682-7BBDDA0868B4}.Debug|Any CPU.Build.0 = Debug|Any CPU
		{E31B5FF7-950A-4D4D-A682-7BBDDA0868B4}.Release|Any CPU.ActiveCfg = Release|Any CPU
		{E31B5FF7-950A-4D4D-A682-7BBDDA0868B4}.Release|Any CPU.Build.0 = Release|Any CPU
		{3D2C07C0-29F1-4011-913F-FCF780CBB4F9}.Debug|Any CPU.ActiveCfg = Debug|Any CPU
		{3D2C07C0-29F1-4011-913F-FCF780CBB4F9}.Debug|Any CPU.Build.0 = Debug|Any CPU
		{3D2C07C0-29F1-4011-913F-FCF780CBB4F9}.Release|Any CPU.ActiveCfg = Release|Any CPU
		{3D2C07C0-29F1-4011-913F-FCF780CBB4F9}.Release|Any CPU.Build.0 = Release|Any CPU
		{4E719E9C-2259-43C0-B4D9-A23A84D0B65D}.Debug|Any CPU.ActiveCfg = Debug|Any CPU
		{4E719E9C-2259-43C0-B4D9-A23A84D0B65D}.Debug|Any CPU.Build.0 = Debug|Any CPU
		{4E719E9C-2259-43C0-B4D9-A23A84D0B65D}.Release|Any CPU.ActiveCfg = Release|Any CPU
		{4E719E9C-2259-43C0-B4D9-A23A84D0B65D}.Release|Any CPU.Build.0 = Release|Any CPU
		{53D2F8DA-1FC6-456B-B1F4-6D72805B9419}.Debug|Any CPU.ActiveCfg = Debug|Any CPU
		{53D2F8DA-1FC6-456B-B1F4-6D72805B9419}.Debug|Any CPU.Build.0 = Debug|Any CPU
		{53D2F8DA-1FC6-456B-B1F4-6D72805B9419}.Release|Any CPU.ActiveCfg = Release|Any CPU
		{53D2F8DA-1FC6-456B-B1F4-6D72805B9419}.Release|Any CPU.Build.0 = Release|Any CPU
		{DF2977D3-BD19-4C63-A547-E496D3058F6B}.Debug|Any CPU.ActiveCfg = Debug|Any CPU
		{DF2977D3-BD19-4C63-A547-E496D3058F6B}.Debug|Any CPU.Build.0 = Debug|Any CPU
		{DF2977D3-BD19-4C63-A547-E496D3058F6B}.Release|Any CPU.ActiveCfg = Release|Any CPU
		{DF2977D3-BD19-4C63-A547-E496D3058F6B}.Release|Any CPU.Build.0 = Release|Any CPU
		{8B501E72-476C-4A92-94F6-D6B1CADBDF54}.Debug|Any CPU.ActiveCfg = Debug|Any CPU
		{8B501E72-476C-4A92-94F6-D6B1CADBDF54}.Debug|Any CPU.Build.0 = Debug|Any CPU
		{8B501E72-476C-4A92-94F6-D6B1CADBDF54}.Release|Any CPU.ActiveCfg = Release|Any CPU
		{8B501E72-476C-4A92-94F6-D6B1CADBDF54}.Release|Any CPU.Build.0 = Release|Any CPU
		{ADFACE2F-E308-4AA8-B2EC-092ED352784C}.Debug|Any CPU.ActiveCfg = Debug|Any CPU
		{ADFACE2F-E308-4AA8-B2EC-092ED352784C}.Debug|Any CPU.Build.0 = Debug|Any CPU
		{ADFACE2F-E308-4AA8-B2EC-092ED352784C}.Release|Any CPU.ActiveCfg = Release|Any CPU
		{ADFACE2F-E308-4AA8-B2EC-092ED352784C}.Release|Any CPU.Build.0 = Release|Any CPU
	EndGlobalSection
	GlobalSection(SolutionProperties) = preSolution
		HideSolutionNode = FALSE
	EndGlobalSection
	GlobalSection(NestedProjects) = preSolution
		{CF8CB86A-EBEC-44E6-8F76-E20C258F2725} = {5BBC7398-2F07-42F2-B6F5-C84167D5FD28}
		{34142AD5-09D0-4A49-BD2D-5CBE854B5BC3} = {5BBC7398-2F07-42F2-B6F5-C84167D5FD28}
		{1995CE09-BF02-4234-AB1C-8E2EEDA66FE5} = {5BBC7398-2F07-42F2-B6F5-C84167D5FD28}
		{5299AEEF-ABF1-4D9A-9F4F-61755E11FFC5} = {EB8D4A44-92E6-45C9-9371-613AA050529C}
		{D39A962B-F027-45BC-B65A-DBDC8E062B5B} = {EB8D4A44-92E6-45C9-9371-613AA050529C}
		{2CBC7373-EADB-4E17-965F-7835F080168F} = {EB8D4A44-92E6-45C9-9371-613AA050529C}
		{21184D42-75D9-4B4F-9069-3BE451B6CED3} = {7F41D1A8-746B-4079-9512-259D105B07B4}
		{B92230E5-22AE-4E60-A35A-F0B064A201CC} = {7F41D1A8-746B-4079-9512-259D105B07B4}
		{7EEE7849-593E-4B66-8CA2-FCDE3EC86078} = {7F41D1A8-746B-4079-9512-259D105B07B4}
		{26864402-4D55-4680-AE4C-F3E3F3E84484} = {4D96948C-7257-4502-B351-79EFD39F6E66}
		{71C3510C-144F-4134-B3C1-24269062D93E} = {4D96948C-7257-4502-B351-79EFD39F6E66}
		{450129A1-3086-4259-A3C1-93723AB2BA1B} = {4D96948C-7257-4502-B351-79EFD39F6E66}
		{C06D5137-E538-4B93-8B7A-604685E37B30} = {E07757B6-1922-43E2-AE54-1DC23EE4E144}
		{FC898111-6CD6-43DD-832E-08E5E354BE3B} = {E07757B6-1922-43E2-AE54-1DC23EE4E144}
		{F93ACFB8-EB40-4DAF-A008-835E12728709} = {E07757B6-1922-43E2-AE54-1DC23EE4E144}
		{A1C2D1B0-E407-47AE-AAE9-6B01D0DB6EAE} = {1BE10C95-704D-47F9-9E09-2196D117D531}
		{332910CD-7A9F-4F3D-ABF6-A355EAC2D4C9} = {1BE10C95-704D-47F9-9E09-2196D117D531}
		{E31B5FF7-950A-4D4D-A682-7BBDDA0868B4} = {1BE10C95-704D-47F9-9E09-2196D117D531}
		{3D2C07C0-29F1-4011-913F-FCF780CBB4F9} = {50C18D5F-E977-4318-961F-A3358F0A256A}
		{4E719E9C-2259-43C0-B4D9-A23A84D0B65D} = {50C18D5F-E977-4318-961F-A3358F0A256A}
		{53D2F8DA-1FC6-456B-B1F4-6D72805B9419} = {50C18D5F-E977-4318-961F-A3358F0A256A}
		{DF2977D3-BD19-4C63-A547-E496D3058F6B} = {79ABD461-E19E-4F40-BE99-8FC686F365CB}
		{8B501E72-476C-4A92-94F6-D6B1CADBDF54} = {79ABD461-E19E-4F40-BE99-8FC686F365CB}
		{ADFACE2F-E308-4AA8-B2EC-092ED352784C} = {79ABD461-E19E-4F40-BE99-8FC686F365CB}
	EndGlobalSection
	GlobalSection(ExtensibilityGlobals) = postSolution
		SolutionGuid = {3AC54A51-59F9-45B7-9AFE-2329AFFBBD3F}
	EndGlobalSection
EndGlobal
